
Microsoft Visual Studio Solution File, Format Version 12.00
# Visual Studio Version 16
VisualStudioVersion = 16.0.31112.23
MinimumVisualStudioVersion = 10.0.40219.1
Project("{FAE04EC0-301F-11D3-BF4B-00C04F79EFBC}") = "SystemAudioByLanSender", "SystemAudioByLanSender\SystemAudioByLanSender.csproj", "{EA904BC9-206A-4EA2-9FBD-539FCE45A08A}"
EndProject
Global
	GlobalSection(SolutionConfigurationPlatforms) = preSolution
		Debug|Any CPU = Debug|Any CPU
		Release|Any CPU = Release|Any CPU
	EndGlobalSection
	GlobalSection(ProjectConfigurationPlatforms) = postSolution
		{EA904BC9-206A-4EA2-9FBD-539FCE45A08A}.Debug|Any CPU.ActiveCfg = Debug|Any CPU
		{EA904BC9-206A-4EA2-9FBD-539FCE45A08A}.Debug|Any CPU.Build.0 = Debug|Any CPU
		{EA904BC9-206A-4EA2-9FBD-539FCE45A08A}.Release|Any CPU.ActiveCfg = Release|Any CPU
		{EA904BC9-206A-4EA2-9FBD-539FCE45A08A}.Release|Any CPU.Build.0 = Release|Any CPU
	EndGlobalSection
	GlobalSection(SolutionProperties) = preSolution
		HideSolutionNode = FALSE
	EndGlobalSection
	GlobalSection(ExtensibilityGlobals) = postSolution
		SolutionGuid = {807290E2-A6E4-4962-A09D-137271678791}
	EndGlobalSection
EndGlobal
